
Microsoft Visual Studio Solution File, Format Version 12.00
# Visual Studio Version 16
VisualStudioVersion = 16.0.30907.101
MinimumVisualStudioVersion = 10.0.40219.1
Project("{FAE04EC0-301F-11D3-BF4B-00C04F79EFBC}") = "JediMindTricks", "JediMindTricks\JediMindTricks.csproj", "{38E99710-2F60-41D3-9F8A-BC873FDCB1FC}"
EndProject
Global
	GlobalSection(SolutionConfigurationPlatforms) = preSolution
		Debug|Any CPU = Debug|Any CPU
		Release|Any CPU = Release|Any CPU
	EndGlobalSection
	GlobalSection(ProjectConfigurationPlatforms) = postSolution
		{38E99710-2F60-41D3-9F8A-BC873FDCB1FC}.Debug|Any CPU.ActiveCfg = Debug|Any CPU
		{38E99710-2F60-41D3-9F8A-BC873FDCB1FC}.Debug|Any CPU.Build.0 = Debug|Any CPU
		{38E99710-2F60-41D3-9F8A-BC873FDCB1FC}.Release|Any CPU.ActiveCfg = Release|Any CPU
		{38E99710-2F60-41D3-9F8A-BC873FDCB1FC}.Release|Any CPU.Build.0 = Release|Any CPU
	EndGlobalSection
	GlobalSection(SolutionProperties) = preSolution
		HideSolutionNode = FALSE
	EndGlobalSection
	GlobalSection(ExtensibilityGlobals) = postSolution
		SolutionGuid = {B484D78E-7751-4431-912E-26FEB9DB364F}
	EndGlobalSection
EndGlobal
