
Microsoft Visual Studio Solution File, Format Version 12.00
# Visual Studio Version 16
VisualStudioVersion = 16.0.30907.101
MinimumVisualStudioVersion = 10.0.40219.1
Project("{FAE04EC0-301F-11D3-BF4B-00C04F79EFBC}") = "FilesWithMethods", "FilesWithMethods\FilesWithMethods.csproj", "{5AFD9FB8-0222-4D79-B97B-E9C17245A122}"
EndProject
Global
	GlobalSection(SolutionConfigurationPlatforms) = preSolution
		Debug|Any CPU = Debug|Any CPU
		Release|Any CPU = Release|Any CPU
	EndGlobalSection
	GlobalSection(ProjectConfigurationPlatforms) = postSolution
		{5AFD9FB8-0222-4D79-B97B-E9C17245A122}.Debug|Any CPU.ActiveCfg = Debug|Any CPU
		{5AFD9FB8-0222-4D79-B97B-E9C17245A122}.Debug|Any CPU.Build.0 = Debug|Any CPU
		{5AFD9FB8-0222-4D79-B97B-E9C17245A122}.Release|Any CPU.ActiveCfg = Release|Any CPU
		{5AFD9FB8-0222-4D79-B97B-E9C17245A122}.Release|Any CPU.Build.0 = Release|Any CPU
	EndGlobalSection
	GlobalSection(SolutionProperties) = preSolution
		HideSolutionNode = FALSE
	EndGlobalSection
	GlobalSection(ExtensibilityGlobals) = postSolution
		SolutionGuid = {E4F8564B-1DF4-47C4-9509-0877407845C6}
	EndGlobalSection
EndGlobal
